
Microsoft Visual Studio Solution File, Format Version 12.00
# Visual Studio Version 16
VisualStudioVersion = 16.0.31729.503
MinimumVisualStudioVersion = 10.0.40219.1
Project("{FAE04EC0-301F-11D3-BF4B-00C04F79EFBC}") = "MaktabaDesktop", "MaktabaDesktop.csproj", "{D104CD52-9BA3-4BC9-9FA1-616FB4694CF5}"
EndProject
Global
	GlobalSection(SolutionConfigurationPlatforms) = preSolution
		Debug|Any CPU = Debug|Any CPU
		Release|Any CPU = Release|Any CPU
	EndGlobalSection
	GlobalSection(ProjectConfigurationPlatforms) = postSolution
		{D104CD52-9BA3-4BC9-9FA1-616FB4694CF5}.Debug|Any CPU.ActiveCfg = Debug|Any CPU
		{D104CD52-9BA3-4BC9-9FA1-616FB4694CF5}.Debug|Any CPU.Build.0 = Debug|Any CPU
		{D104CD52-9BA3-4BC9-9FA1-616FB4694CF5}.Release|Any CPU.ActiveCfg = Release|Any CPU
		{D104CD52-9BA3-4BC9-9FA1-616FB4694CF5}.Release|Any CPU.Build.0 = Release|Any CPU
	EndGlobalSection
	GlobalSection(SolutionProperties) = preSolution
		HideSolutionNode = FALSE
	EndGlobalSection
	GlobalSection(ExtensibilityGlobals) = postSolution
		SolutionGuid = {A6B16AC7-6DDE-40C7-967A-60C7F376E69A}
	EndGlobalSection
EndGlobal
